
Microsoft Visual Studio Solution File, Format Version 12.00
# Visual Studio Version 17
VisualStudioVersion = 17.10.34707.107
MinimumVisualStudioVersion = 10.0.40219.1
Project("{2150E333-8FDC-42A3-9474-1A3956D46DE8}") = "src", "src", "{CD7EFC82-380F-410A-B103-97161D79BF72}"
EndProject
Project("{9A19103F-16F7-4668-BE54-9A1E7A4F7556}") = "DockGen", "src\DockGen\DockGen.csproj", "{8024FBB6-5143-4414-B0BE-9D7D156E9FA0}"
EndProject
Project("{2150E333-8FDC-42A3-9474-1A3956D46DE8}") = "test", "test", "{331C4752-DAEA-439A-9ADC-C105E9D27A03}"
EndProject
Project("{FAE04EC0-301F-11D3-BF4B-00C04F79EFBC}") = "DockGen.Tests", "test\DockGen.Tests\DockGen.Tests.csproj", "{F8B6EC37-73E2-4FE8-8789-565FA06F7AAF}"
EndProject
Global
	GlobalSection(SolutionConfigurationPlatforms) = preSolution
		Debug|Any CPU = Debug|Any CPU
		Release|Any CPU = Release|Any CPU
	EndGlobalSection
	GlobalSection(ProjectConfigurationPlatforms) = postSolution
		{8024FBB6-5143-4414-B0BE-9D7D156E9FA0}.Debug|Any CPU.ActiveCfg = Debug|Any CPU
		{8024FBB6-5143-4414-B0BE-9D7D156E9FA0}.Debug|Any CPU.Build.0 = Debug|Any CPU
		{8024FBB6-5143-4414-B0BE-9D7D156E9FA0}.Release|Any CPU.ActiveCfg = Release|Any CPU
		{8024FBB6-5143-4414-B0BE-9D7D156E9FA0}.Release|Any CPU.Build.0 = Release|Any CPU
		{F8B6EC37-73E2-4FE8-8789-565FA06F7AAF}.Debug|Any CPU.ActiveCfg = Debug|Any CPU
		{F8B6EC37-73E2-4FE8-8789-565FA06F7AAF}.Debug|Any CPU.Build.0 = Debug|Any CPU
		{F8B6EC37-73E2-4FE8-8789-565FA06F7AAF}.Release|Any CPU.ActiveCfg = Release|Any CPU
		{F8B6EC37-73E2-4FE8-8789-565FA06F7AAF}.Release|Any CPU.Build.0 = Release|Any CPU
	EndGlobalSection
	GlobalSection(SolutionProperties) = preSolution
		HideSolutionNode = FALSE
	EndGlobalSection
	GlobalSection(NestedProjects) = preSolution
		{8024FBB6-5143-4414-B0BE-9D7D156E9FA0} = {CD7EFC82-380F-410A-B103-97161D79BF72}
		{F8B6EC37-73E2-4FE8-8789-565FA06F7AAF} = {331C4752-DAEA-439A-9ADC-C105E9D27A03}
	EndGlobalSection
	GlobalSection(ExtensibilityGlobals) = postSolution
		SolutionGuid = {33FA81F8-720F-4FDB-9360-E69296166558}
	EndGlobalSection
EndGlobal
